
Microsoft Visual Studio Solution File, Format Version 12.00
# Visual Studio 15
VisualStudioVersion = 15.0.28307.902
MinimumVisualStudioVersion = 10.0.40219.1
Project("{FAE04EC0-301F-11D3-BF4B-00C04F79EFBC}") = "Revised - Enrollment System", "EnrollmentSystem\Revised - Enrollment System.csproj", "{C8479CDB-4573-4EC0-85CE-EC117EFFE69D}"
EndProject
Global
	GlobalSection(SolutionConfigurationPlatforms) = preSolution
		Debug|Any CPU = Debug|Any CPU
		Release|Any CPU = Release|Any CPU
	EndGlobalSection
	GlobalSection(ProjectConfigurationPlatforms) = postSolution
		{C8479CDB-4573-4EC0-85CE-EC117EFFE69D}.Debug|Any CPU.ActiveCfg = Debug|Any CPU
		{C8479CDB-4573-4EC0-85CE-EC117EFFE69D}.Debug|Any CPU.Build.0 = Debug|Any CPU
		{C8479CDB-4573-4EC0-85CE-EC117EFFE69D}.Release|Any CPU.ActiveCfg = Release|Any CPU
		{C8479CDB-4573-4EC0-85CE-EC117EFFE69D}.Release|Any CPU.Build.0 = Release|Any CPU
	EndGlobalSection
	GlobalSection(SolutionProperties) = preSolution
		HideSolutionNode = FALSE
	EndGlobalSection
	GlobalSection(ExtensibilityGlobals) = postSolution
		SolutionGuid = {336557D1-8667-4741-B77D-2F07DDD0070B}
	EndGlobalSection
EndGlobal
